
Microsoft Visual Studio Solution File, Format Version 12.00
# Visual Studio Version 16
VisualStudioVersion = 16.0.34902.97
MinimumVisualStudioVersion = 10.0.40219.1
Project("{9A19103F-16F7-4668-BE54-9A1E7A4F7556}") = "01_MainSubjectss", "01_MainSubjectss\01_MainSubjectss.csproj", "{EFA34C6A-0BAC-4E17-BE59-5905D2D923ED}"
EndProject
Project("{FAE04EC0-301F-11D3-BF4B-00C04F79EFBC}") = "02_Variables", "02_Variables\02_Variables.csproj", "{F795B77E-70C5-45B9-8C20-58ABD3CAAD24}"
EndProject
Project("{FAE04EC0-301F-11D3-BF4B-00C04F79EFBC}") = "03_MakingDecision", "03_MakingDecision\03_MakingDecision.csproj", "{4B6B4EA9-43AD-408D-AC4D-FBC9B9A9713F}"
EndProject
Project("{FAE04EC0-301F-11D3-BF4B-00C04F79EFBC}") = "04_Loops", "04_Loops\04_Loops.csproj", "{6062CD58-4305-46DF-ACDE-D91934F3C89F}"
EndProject
Project("{FAE04EC0-301F-11D3-BF4B-00C04F79EFBC}") = "05_LoopsWithStarts", "05_LoopsWithStarts\05_LoopsWithStarts.csproj", "{85106ABD-58E3-48F5-B8F5-2E5A301CCFE1}"
EndProject
Project("{FAE04EC0-301F-11D3-BF4B-00C04F79EFBC}") = "06_Arrays", "06_Arrays\06_Arrays.csproj", "{C0A840AC-6278-463A-8409-2A5467208417}"
EndProject
Global
	GlobalSection(SolutionConfigurationPlatforms) = preSolution
		Debug|Any CPU = Debug|Any CPU
		Release|Any CPU = Release|Any CPU
	EndGlobalSection
	GlobalSection(ProjectConfigurationPlatforms) = postSolution
		{EFA34C6A-0BAC-4E17-BE59-5905D2D923ED}.Debug|Any CPU.ActiveCfg = Debug|Any CPU
		{EFA34C6A-0BAC-4E17-BE59-5905D2D923ED}.Debug|Any CPU.Build.0 = Debug|Any CPU
		{EFA34C6A-0BAC-4E17-BE59-5905D2D923ED}.Release|Any CPU.ActiveCfg = Release|Any CPU
		{EFA34C6A-0BAC-4E17-BE59-5905D2D923ED}.Release|Any CPU.Build.0 = Release|Any CPU
		{F795B77E-70C5-45B9-8C20-58ABD3CAAD24}.Debug|Any CPU.ActiveCfg = Debug|Any CPU
		{F795B77E-70C5-45B9-8C20-58ABD3CAAD24}.Debug|Any CPU.Build.0 = Debug|Any CPU
		{F795B77E-70C5-45B9-8C20-58ABD3CAAD24}.Release|Any CPU.ActiveCfg = Release|Any CPU
		{F795B77E-70C5-45B9-8C20-58ABD3CAAD24}.Release|Any CPU.Build.0 = Release|Any CPU
		{4B6B4EA9-43AD-408D-AC4D-FBC9B9A9713F}.Debug|Any CPU.ActiveCfg = Debug|Any CPU
		{4B6B4EA9-43AD-408D-AC4D-FBC9B9A9713F}.Debug|Any CPU.Build.0 = Debug|Any CPU
		{4B6B4EA9-43AD-408D-AC4D-FBC9B9A9713F}.Release|Any CPU.ActiveCfg = Release|Any CPU
		{4B6B4EA9-43AD-408D-AC4D-FBC9B9A9713F}.Release|Any CPU.Build.0 = Release|Any CPU
		{6062CD58-4305-46DF-ACDE-D91934F3C89F}.Debug|Any CPU.ActiveCfg = Debug|Any CPU
		{6062CD58-4305-46DF-ACDE-D91934F3C89F}.Debug|Any CPU.Build.0 = Debug|Any CPU
		{6062CD58-4305-46DF-ACDE-D91934F3C89F}.Release|Any CPU.ActiveCfg = Release|Any CPU
		{6062CD58-4305-46DF-ACDE-D91934F3C89F}.Release|Any CPU.Build.0 = Release|Any CPU
		{85106ABD-58E3-48F5-B8F5-2E5A301CCFE1}.Debug|Any CPU.ActiveCfg = Debug|Any CPU
		{85106ABD-58E3-48F5-B8F5-2E5A301CCFE1}.Debug|Any CPU.Build.0 = Debug|Any CPU
		{85106ABD-58E3-48F5-B8F5-2E5A301CCFE1}.Release|Any CPU.ActiveCfg = Release|Any CPU
		{85106ABD-58E3-48F5-B8F5-2E5A301CCFE1}.Release|Any CPU.Build.0 = Release|Any CPU
		{C0A840AC-6278-463A-8409-2A5467208417}.Debug|Any CPU.ActiveCfg = Debug|Any CPU
		{C0A840AC-6278-463A-8409-2A5467208417}.Debug|Any CPU.Build.0 = Debug|Any CPU
		{C0A840AC-6278-463A-8409-2A5467208417}.Release|Any CPU.ActiveCfg = Release|Any CPU
		{C0A840AC-6278-463A-8409-2A5467208417}.Release|Any CPU.Build.0 = Release|Any CPU
	EndGlobalSection
	GlobalSection(SolutionProperties) = preSolution
		HideSolutionNode = FALSE
	EndGlobalSection
	GlobalSection(ExtensibilityGlobals) = postSolution
		SolutionGuid = {1CBC4A85-5E37-4AED-9807-067C1D5E6D0F}
	EndGlobalSection
EndGlobal
